{
  "requires": true,
  "lockfileVersion": 1,
  "dependencies": {
    "bootstrap": {
      "version": "4.5.3",
      "resolved": "https://registry.npmjs.org/bootstrap/-/bootstrap-4.5.3.tgz",
      "integrity": "sha512-o9ppKQioXGqhw8Z7mah6KdTYpNQY//tipnkxppWhPbiSWdD+1raYsnhwEZjkTHYbGee4cVQ0Rx65EhOY/HNLcQ==",
      "dev": true
    },
    "modern-css-reset": {
      "version": "1.1.1",
      "resolved": "https://registry.npmjs.org/modern-css-reset/-/modern-css-reset-1.1.1.tgz",
      "integrity": "sha512-lUkQHXyZNoehOrKqw5hMAw3wcUIWZrGDY8pdo8Nhh4sEhK1pObhVLTAFCDn5b3WraWo6et86m4h0Km7fuYILHg==",
      "dev": true
    },
    "normalize.css": {
      "version": "8.0.1",
      "resolved": "https://registry.npmjs.org/normalize.css/-/normalize.css-8.0.1.tgz",
      "integrity": "sha512-qizSNPO93t1YUuUhP22btGOo3chcvDFqFaj2TRybP0DMxkHOCTYwp3n34fel4a31ORXy4m1Xq0Gyqpb5m33qIg==",
      "dev": true
    },
    "sanitize.css": {
      "version": "11.0.1",
      "resolved": "https://registry.npmjs.org/sanitize.css/-/sanitize.css-11.0.1.tgz",
      "integrity": "sha512-Q762QXJGHIyFLayll6zUueGKslmGxNpbEDpSB/sdaZ9Xgz+v6AYlVc5P49sorc9cPR9y47npHBfXswGo1I32tg==",
      "dev": true
    },
    "scss-resets": {
      "version": "0.5.2",
      "resolved": "https://registry.npmjs.org/scss-resets/-/scss-resets-0.5.2.tgz",
      "integrity": "sha512-FjHnXV/D5DTAuJLKp+3lyOEimjN0rxfmU1MyeAbRCUOI7djz1LdEvtbGrAY8IB6KRHFJgHZPagvtoxS9fuyU2w==",
      "dev": true,
      "requires": {
        "bootstrap": "^4.3.1",
        "modern-css-reset": "^1.0.4",
        "normalize.css": "^8.0.1",
        "sanitize.css": "^11.0.0"
      }
    }
  }
}
